
Microsoft Visual Studio Solution File, Format Version 12.00
# Visual Studio Version 17
VisualStudioVersion = 17.8.34316.72
MinimumVisualStudioVersion = 10.0.40219.1
Project("{FAE04EC0-301F-11D3-BF4B-00C04F79EFBC}") = "Enterprise.Configuration", "Enterprise.Configuration\Enterprise.Configuration.csproj", "{4B4DA5A3-4C92-46A1-A237-4F53DCC34622}"
EndProject
Project("{FAE04EC0-301F-11D3-BF4B-00C04F79EFBC}") = "TestConsoleApp1", "TestConsoleApp1\TestConsoleApp1.csproj", "{BA24974C-812E-454F-871B-8E1ED40FE50B}"
EndProject
Global
	GlobalSection(SolutionConfigurationPlatforms) = preSolution
		Debug|Any CPU = Debug|Any CPU
		Release|Any CPU = Release|Any CPU
	EndGlobalSection
	GlobalSection(ProjectConfigurationPlatforms) = postSolution
		{4B4DA5A3-4C92-46A1-A237-4F53DCC34622}.Debug|Any CPU.ActiveCfg = Debug|Any CPU
		{4B4DA5A3-4C92-46A1-A237-4F53DCC34622}.Debug|Any CPU.Build.0 = Debug|Any CPU
		{4B4DA5A3-4C92-46A1-A237-4F53DCC34622}.Release|Any CPU.ActiveCfg = Release|Any CPU
		{4B4DA5A3-4C92-46A1-A237-4F53DCC34622}.Release|Any CPU.Build.0 = Release|Any CPU
		{BA24974C-812E-454F-871B-8E1ED40FE50B}.Debug|Any CPU.ActiveCfg = Debug|Any CPU
		{BA24974C-812E-454F-871B-8E1ED40FE50B}.Debug|Any CPU.Build.0 = Debug|Any CPU
		{BA24974C-812E-454F-871B-8E1ED40FE50B}.Release|Any CPU.ActiveCfg = Release|Any CPU
		{BA24974C-812E-454F-871B-8E1ED40FE50B}.Release|Any CPU.Build.0 = Release|Any CPU
	EndGlobalSection
	GlobalSection(SolutionProperties) = preSolution
		HideSolutionNode = FALSE
	EndGlobalSection
	GlobalSection(ExtensibilityGlobals) = postSolution
		SolutionGuid = {30030F42-6246-4A47-9A7D-5C969E33E6DD}
	EndGlobalSection
EndGlobal
